
Microsoft Visual Studio Solution File, Format Version 12.00
# Visual Studio Version 17
VisualStudioVersion = 17.1.32421.90
MinimumVisualStudioVersion = 10.0.40219.1
Project("{9A19103F-16F7-4668-BE54-9A1E7A4F7556}") = "microservicio.dotnet", "microservicio.dotnet\microservicio.dotnet.csproj", "{FD35007D-F761-4B54-8F46-FBE73AB40D5E}"
EndProject
Project("{9A19103F-16F7-4668-BE54-9A1E7A4F7556}") = "microservicio.dotnet.test", "microservicio.dotnet.test\microservicio.dotnet.test.csproj", "{7783444C-4EEB-4BB1-9240-81529E2BFB8F}"
EndProject
Project("{2150E333-8FDC-42A3-9474-1A3956D46DE8}") = "Readme", "Readme", "{074053A4-A57F-45D0-B4FC-6260A999BF4B}"
	ProjectSection(SolutionItems) = preProject
		..\readme.md = ..\readme.md
	EndProjectSection
EndProject
Global
	GlobalSection(SolutionConfigurationPlatforms) = preSolution
		Debug|Any CPU = Debug|Any CPU
		Release|Any CPU = Release|Any CPU
	EndGlobalSection
	GlobalSection(ProjectConfigurationPlatforms) = postSolution
		{FD35007D-F761-4B54-8F46-FBE73AB40D5E}.Debug|Any CPU.ActiveCfg = Debug|Any CPU
		{FD35007D-F761-4B54-8F46-FBE73AB40D5E}.Debug|Any CPU.Build.0 = Debug|Any CPU
		{FD35007D-F761-4B54-8F46-FBE73AB40D5E}.Release|Any CPU.ActiveCfg = Release|Any CPU
		{FD35007D-F761-4B54-8F46-FBE73AB40D5E}.Release|Any CPU.Build.0 = Release|Any CPU
		{7783444C-4EEB-4BB1-9240-81529E2BFB8F}.Debug|Any CPU.ActiveCfg = Debug|Any CPU
		{7783444C-4EEB-4BB1-9240-81529E2BFB8F}.Debug|Any CPU.Build.0 = Debug|Any CPU
		{7783444C-4EEB-4BB1-9240-81529E2BFB8F}.Release|Any CPU.ActiveCfg = Release|Any CPU
		{7783444C-4EEB-4BB1-9240-81529E2BFB8F}.Release|Any CPU.Build.0 = Release|Any CPU
	EndGlobalSection
	GlobalSection(SolutionProperties) = preSolution
		HideSolutionNode = FALSE
	EndGlobalSection
	GlobalSection(ExtensibilityGlobals) = postSolution
		SolutionGuid = {40EBB789-9605-482A-B7A6-D0FF3BA1AEE7}
	EndGlobalSection
EndGlobal
